
Microsoft Visual Studio Solution File, Format Version 10.00
# Visual Studio 2008
Project("{8BC9CEB8-8B4A-11D0-8D11-00A0C91BC942}") = "WACS_Stabilize", "VisualOdometry.vcproj", "{6B401FAB-33A0-4563-8FB5-2E72E3577793}"
EndProject
Global
	GlobalSection(SolutionConfigurationPlatforms) = preSolution
		Debug|Win32 = Debug|Win32
		Release|Win32 = Release|Win32
	EndGlobalSection
	GlobalSection(ProjectConfigurationPlatforms) = postSolution
		{6B401FAB-33A0-4563-8FB5-2E72E3577793}.Debug|Win32.ActiveCfg = Debug|Win32
		{6B401FAB-33A0-4563-8FB5-2E72E3577793}.Debug|Win32.Build.0 = Debug|Win32
		{6B401FAB-33A0-4563-8FB5-2E72E3577793}.Release|Win32.ActiveCfg = Release|Win32
		{6B401FAB-33A0-4563-8FB5-2E72E3577793}.Release|Win32.Build.0 = Release|Win32
	EndGlobalSection
	GlobalSection(SolutionProperties) = preSolution
		HideSolutionNode = FALSE
	EndGlobalSection
EndGlobal
