
Microsoft Visual Studio Solution File, Format Version 10.00
# Visual Studio 2008
Project("{FAE04EC0-301F-11D3-BF4B-00C04F79EFBC}") = "RecordingVideoPlayback", "RecordingVideoPlayback\RecordingVideoPlayback.csproj", "{03885C26-6F7C-488E-8589-8EDD5E39FDB2}"
EndProject
Global
	GlobalSection(SolutionConfigurationPlatforms) = preSolution
		Debug|Any CPU = Debug|Any CPU
		Release|Any CPU = Release|Any CPU
	EndGlobalSection
	GlobalSection(ProjectConfigurationPlatforms) = postSolution
		{03885C26-6F7C-488E-8589-8EDD5E39FDB2}.Debug|Any CPU.ActiveCfg = Debug|Any CPU
		{03885C26-6F7C-488E-8589-8EDD5E39FDB2}.Debug|Any CPU.Build.0 = Debug|Any CPU
		{03885C26-6F7C-488E-8589-8EDD5E39FDB2}.Release|Any CPU.ActiveCfg = Release|Any CPU
		{03885C26-6F7C-488E-8589-8EDD5E39FDB2}.Release|Any CPU.Build.0 = Release|Any CPU
	EndGlobalSection
	GlobalSection(SolutionProperties) = preSolution
		HideSolutionNode = FALSE
	EndGlobalSection
EndGlobal
