
Microsoft Visual Studio Solution File, Format Version 10.00
# Visual Studio 2008
Project("{FAE04EC0-301F-11D3-BF4B-00C04F79EFBC}") = "WACS_EthernetVideoClient.NET", "WACS_EthernetVideoClient.NET.csproj", "{BFF29027-4E46-4323-97C0-02E2BAFC19B2}"
EndProject
Global
	GlobalSection(SolutionConfigurationPlatforms) = preSolution
		Debug|Any CPU = Debug|Any CPU
		Release|Any CPU = Release|Any CPU
	EndGlobalSection
	GlobalSection(ProjectConfigurationPlatforms) = postSolution
		{BFF29027-4E46-4323-97C0-02E2BAFC19B2}.Debug|Any CPU.ActiveCfg = Debug|Any CPU
		{BFF29027-4E46-4323-97C0-02E2BAFC19B2}.Debug|Any CPU.Build.0 = Debug|Any CPU
		{BFF29027-4E46-4323-97C0-02E2BAFC19B2}.Release|Any CPU.ActiveCfg = Release|Any CPU
		{BFF29027-4E46-4323-97C0-02E2BAFC19B2}.Release|Any CPU.Build.0 = Release|Any CPU
	EndGlobalSection
	GlobalSection(SolutionProperties) = preSolution
		HideSolutionNode = FALSE
	EndGlobalSection
EndGlobal
