
Microsoft Visual Studio Solution File, Format Version 10.00
# Visual Studio 2008
Project("{8BC9CEB8-8B4A-11D0-8D11-00A0C91BC942}") = "PlumeDetector", "PlumeDetector.vcproj", "{1F363E22-155D-43EC-8568-6E953B8B9646}"
EndProject
Project("{8BC9CEB8-8B4A-11D0-8D11-00A0C91BC942}") = "PlumeDetectorTest", "PlumeDetectorTest\PlumeDetectorTest.vcproj", "{454B62E6-27D0-41EC-B18D-B49DC34B9DAB}"
	ProjectSection(ProjectDependencies) = postProject
		{1F363E22-155D-43EC-8568-6E953B8B9646} = {1F363E22-155D-43EC-8568-6E953B8B9646}
	EndProjectSection
EndProject
Global
	GlobalSection(SolutionConfigurationPlatforms) = preSolution
		Debug|Win32 = Debug|Win32
		Release|Win32 = Release|Win32
	EndGlobalSection
	GlobalSection(ProjectConfigurationPlatforms) = postSolution
		{1F363E22-155D-43EC-8568-6E953B8B9646}.Debug|Win32.ActiveCfg = Debug|Win32
		{1F363E22-155D-43EC-8568-6E953B8B9646}.Debug|Win32.Build.0 = Debug|Win32
		{1F363E22-155D-43EC-8568-6E953B8B9646}.Release|Win32.ActiveCfg = Release|Win32
		{1F363E22-155D-43EC-8568-6E953B8B9646}.Release|Win32.Build.0 = Release|Win32
		{454B62E6-27D0-41EC-B18D-B49DC34B9DAB}.Debug|Win32.ActiveCfg = Debug|Win32
		{454B62E6-27D0-41EC-B18D-B49DC34B9DAB}.Debug|Win32.Build.0 = Debug|Win32
		{454B62E6-27D0-41EC-B18D-B49DC34B9DAB}.Release|Win32.ActiveCfg = Release|Win32
		{454B62E6-27D0-41EC-B18D-B49DC34B9DAB}.Release|Win32.Build.0 = Release|Win32
	EndGlobalSection
	GlobalSection(SolutionProperties) = preSolution
		HideSolutionNode = FALSE
	EndGlobalSection
EndGlobal
