
Microsoft Visual Studio Solution File, Format Version 10.00
# Visual Studio 2008
Project("{8BC9CEB8-8B4A-11D0-8D11-00A0C91BC942}") = "Adept", "Adept.vcproj", "{AF97DC3F-F900-4F8F-89C1-8AC61CE94D7F}"
EndProject
Project("{8BC9CEB8-8B4A-11D0-8D11-00A0C91BC942}") = "AdeptTest", "AdeptTest\AdeptTest.vcproj", "{9CDBDBA4-F87B-482D-8C4D-4B51BF11DDFC}"
	ProjectSection(ProjectDependencies) = postProject
		{AF97DC3F-F900-4F8F-89C1-8AC61CE94D7F} = {AF97DC3F-F900-4F8F-89C1-8AC61CE94D7F}
	EndProjectSection
EndProject
Global
	GlobalSection(SolutionConfigurationPlatforms) = preSolution
		Debug|Win32 = Debug|Win32
		Release|Win32 = Release|Win32
	EndGlobalSection
	GlobalSection(ProjectConfigurationPlatforms) = postSolution
		{AF97DC3F-F900-4F8F-89C1-8AC61CE94D7F}.Debug|Win32.ActiveCfg = Debug|Win32
		{AF97DC3F-F900-4F8F-89C1-8AC61CE94D7F}.Debug|Win32.Build.0 = Debug|Win32
		{AF97DC3F-F900-4F8F-89C1-8AC61CE94D7F}.Release|Win32.ActiveCfg = Release|Win32
		{AF97DC3F-F900-4F8F-89C1-8AC61CE94D7F}.Release|Win32.Build.0 = Release|Win32
		{9CDBDBA4-F87B-482D-8C4D-4B51BF11DDFC}.Debug|Win32.ActiveCfg = Debug|Win32
		{9CDBDBA4-F87B-482D-8C4D-4B51BF11DDFC}.Debug|Win32.Build.0 = Debug|Win32
		{9CDBDBA4-F87B-482D-8C4D-4B51BF11DDFC}.Release|Win32.ActiveCfg = Release|Win32
		{9CDBDBA4-F87B-482D-8C4D-4B51BF11DDFC}.Release|Win32.Build.0 = Release|Win32
	EndGlobalSection
	GlobalSection(SolutionProperties) = preSolution
		HideSolutionNode = FALSE
	EndGlobalSection
EndGlobal
